// !$*UTF8*$!
{
	archiveVersion = 1;
	classes = {
	};
	objectVersion = 56;
	objects = {

/* Begin PBXBuildFile section */
		3FE6B43A2938B8F300559FBE /* _04xApp.swift in Sources */ = {isa = PBXBuildFile; fileRef = 3FE6B4392938B8F300559FBE /* _04xApp.swift */; };
		3FE6B43C2938B8F300559FBE /* ContentView.swift in Sources */ = {isa = PBXBuildFile; fileRef = 3FE6B43B2938B8F300559FBE /* ContentView.swift */; };
		3FE6B43E2938B8F400559FBE /* Assets.xcassets in Resources */ = {isa = PBXBuildFile; fileRef = 3FE6B43D2938B8F400559FBE /* Assets.xcassets */; };
		3FE6B4422938B8F400559FBE /* Preview Assets.xcassets in Resources */ = {isa = PBXBuildFile; fileRef = 3FE6B4412938B8F400559FBE /* Preview Assets.xcassets */; };
		3FE6B44C2938B8F400559FBE /* _04xTests.swift in Sources */ = {isa = PBXBuildFile; fileRef = 3FE6B44B2938B8F400559FBE /* _04xTests.swift */; };
		3FE6B4562938B8F400559FBE /* _04xUITests.swift in Sources */ = {isa = PBXBuildFile; fileRef = 3FE6B4552938B8F400559FBE /* _04xUITests.swift */; };
		3FE6B4582938B8F400559FBE /* _04xUITestsLaunchTests.swift in Sources */ = {isa = PBXBuildFile; fileRef = 3FE6B4572938B8F400559FBE /* _04xUITestsLaunchTests.swift */; };
		3FE6B4652938BA0E00559FBE /* Mac.swift in Sources */ = {isa = PBXBuildFile; fileRef = 3FE6B4642938BA0E00559FBE /* Mac.swift */; platformFilters = (macos, ); };
		3FE6B46C2938BA6700559FBE /* ConvertText.swift in Sources */ = {isa = PBXBuildFile; fileRef = 3FE6B4662938BA6700559FBE /* ConvertText.swift */; };
		3FE6B46D2938BA6700559FBE /* ConvertImage.swift in Sources */ = {isa = PBXBuildFile; fileRef = 3FE6B4672938BA6700559FBE /* ConvertImage.swift */; };
		3FE6B46E2938BA6700559FBE /* ImagePicker.swift in Sources */ = {isa = PBXBuildFile; fileRef = 3FE6B4682938BA6700559FBE /* ImagePicker.swift */; platformFilter = ios; };
		3FE6B46F2938BA6700559FBE /* Ex.swift in Sources */ = {isa = PBXBuildFile; fileRef = 3FE6B4692938BA6700559FBE /* Ex.swift */; };
		3FE6B4702938BA6700559FBE /* ViewModel.swift in Sources */ = {isa = PBXBuildFile; fileRef = 3FE6B46A2938BA6700559FBE /* ViewModel.swift */; };
		3FE6B4712938BA6700559FBE /* Model.swift in Sources */ = {isa = PBXBuildFile; fileRef = 3FE6B46B2938BA6700559FBE /* Model.swift */; };
/* End PBXBuildFile section */

/* Begin PBXContainerItemProxy section */
		3FE6B4482938B8F400559FBE /* PBXContainerItemProxy */ = {
			isa = PBXContainerItemProxy;
			containerPortal = 3FE6B42E2938B8F300559FBE /* Project object */;
			proxyType = 1;
			remoteGlobalIDString = 3FE6B4352938B8F300559FBE;
			remoteInfo = 404x;
		};
		3FE6B4522938B8F400559FBE /* PBXContainerItemProxy */ = {
			isa = PBXContainerItemProxy;
			containerPortal = 3FE6B42E2938B8F300559FBE /* Project object */;
			proxyType = 1;
			remoteGlobalIDString = 3FE6B4352938B8F300559FBE;
			remoteInfo = 404x;
		};
/* End PBXContainerItemProxy section */

/* Begin PBXFileReference section */
		3FE6B4362938B8F300559FBE /* 404x.app */ = {isa = PBXFileReference; explicitFileType = wrapper.application; includeInIndex = 0; path = 404x.app; sourceTree = BUILT_PRODUCTS_DIR; };
		3FE6B4392938B8F300559FBE /* _04xApp.swift */ = {isa = PBXFileReference; lastKnownFileType = sourcecode.swift; path = _04xApp.swift; sourceTree = "<group>"; };
		3FE6B43B2938B8F300559FBE /* ContentView.swift */ = {isa = PBXFileReference; lastKnownFileType = sourcecode.swift; path = ContentView.swift; sourceTree = "<group>"; };
		3FE6B43D2938B8F400559FBE /* Assets.xcassets */ = {isa = PBXFileReference; lastKnownFileType = folder.assetcatalog; path = Assets.xcassets; sourceTree = "<group>"; };
		3FE6B43F2938B8F400559FBE /* _04x.entitlements */ = {isa = PBXFileReference; lastKnownFileType = text.plist.entitlements; path = _04x.entitlements; sourceTree = "<group>"; };
		3FE6B4412938B8F400559FBE /* Preview Assets.xcassets */ = {isa = PBXFileReference; lastKnownFileType = folder.assetcatalog; path = "Preview Assets.xcassets"; sourceTree = "<group>"; };
		3FE6B4472938B8F400559FBE /* 404xTests.xctest */ = {isa = PBXFileReference; explicitFileType = wrapper.cfbundle; includeInIndex = 0; path = 404xTests.xctest; sourceTree = BUILT_PRODUCTS_DIR; };
		3FE6B44B2938B8F400559FBE /* _04xTests.swift */ = {isa = PBXFileReference; lastKnownFileType = sourcecode.swift; path = _04xTests.swift; sourceTree = "<group>"; };
		3FE6B4512938B8F400559FBE /* 404xUITests.xctest */ = {isa = PBXFileReference; explicitFileType = wrapper.cfbundle; includeInIndex = 0; path = 404xUITests.xctest; sourceTree = BUILT_PRODUCTS_DIR; };
		3FE6B4552938B8F400559FBE /* _04xUITests.swift */ = {isa = PBXFileReference; lastKnownFileType = sourcecode.swift; path = _04xUITests.swift; sourceTree = "<group>"; };
		3FE6B4572938B8F400559FBE /* _04xUITestsLaunchTests.swift */ = {isa = PBXFileReference; lastKnownFileType = sourcecode.swift; path = _04xUITestsLaunchTests.swift; sourceTree = "<group>"; };
		3FE6B4642938BA0E00559FBE /* Mac.swift */ = {isa = PBXFileReference; lastKnownFileType = sourcecode.swift; path = Mac.swift; sourceTree = "<group>"; };
		3FE6B4662938BA6700559FBE /* ConvertText.swift */ = {isa = PBXFileReference; fileEncoding = 4; lastKnownFileType = sourcecode.swift; path = ConvertText.swift; sourceTree = "<group>"; };
		3FE6B4672938BA6700559FBE /* ConvertImage.swift */ = {isa = PBXFileReference; fileEncoding = 4; lastKnownFileType = sourcecode.swift; path = ConvertImage.swift; sourceTree = "<group>"; };
		3FE6B4682938BA6700559FBE /* ImagePicker.swift */ = {isa = PBXFileReference; fileEncoding = 4; lastKnownFileType = sourcecode.swift; path = ImagePicker.swift; sourceTree = "<group>"; };
		3FE6B4692938BA6700559FBE /* Ex.swift */ = {isa = PBXFileReference; fileEncoding = 4; lastKnownFileType = sourcecode.swift; path = Ex.swift; sourceTree = "<group>"; };
		3FE6B46A2938BA6700559FBE /* ViewModel.swift */ = {isa = PBXFileReference; fileEncoding = 4; lastKnownFileType = sourcecode.swift; path = ViewModel.swift; sourceTree = "<group>"; };
		3FE6B46B2938BA6700559FBE /* Model.swift */ = {isa = PBXFileReference; fileEncoding = 4; lastKnownFileType = sourcecode.swift; path = Model.swift; sourceTree = "<group>"; };
/* End PBXFileReference section */

/* Begin PBXFrameworksBuildPhase section */
		3FE6B4332938B8F300559FBE /* Frameworks */ = {
			isa = PBXFrameworksBuildPhase;
			buildActionMask = 2147483647;
			files = (
			);
			runOnlyForDeploymentPostprocessing = 0;
		};
		3FE6B4442938B8F400559FBE /* Frameworks */ = {
			isa = PBXFrameworksBuildPhase;
			buildActionMask = 2147483647;
			files = (
			);
			runOnlyForDeploymentPostprocessing = 0;
		};
		3FE6B44E2938B8F400559FBE /* Frameworks */ = {
			isa = PBXFrameworksBuildPhase;
			buildActionMask = 2147483647;
			files = (
			);
			runOnlyForDeploymentPostprocessing = 0;
		};
/* End PBXFrameworksBuildPhase section */

/* Begin PBXGroup section */
		3FE6B42D2938B8F300559FBE = {
			isa = PBXGroup;
			children = (
				3FE6B4382938B8F300559FBE /* 404x */,
				3FE6B44A2938B8F400559FBE /* 404xTests */,
				3FE6B4542938B8F400559FBE /* 404xUITests */,
				3FE6B4372938B8F300559FBE /* Products */,
			);
			sourceTree = "<group>";
		};
		3FE6B4372938B8F300559FBE /* Products */ = {
			isa = PBXGroup;
			children = (
				3FE6B4362938B8F300559FBE /* 404x.app */,
				3FE6B4472938B8F400559FBE /* 404xTests.xctest */,
				3FE6B4512938B8F400559FBE /* 404xUITests.xctest */,
			);
			name = Products;
			sourceTree = "<group>";
		};
		3FE6B4382938B8F300559FBE /* 404x */ = {
			isa = PBXGroup;
			children = (
				3FE6B4392938B8F300559FBE /* _04xApp.swift */,
				3FE6B43B2938B8F300559FBE /* ContentView.swift */,
				3FE6B43D2938B8F400559FBE /* Assets.xcassets */,
				3FE6B43F2938B8F400559FBE /* _04x.entitlements */,
				3FE6B4672938BA6700559FBE /* ConvertImage.swift */,
				3FE6B4662938BA6700559FBE /* ConvertText.swift */,
				3FE6B4692938BA6700559FBE /* Ex.swift */,
				3FE6B4682938BA6700559FBE /* ImagePicker.swift */,
				3FE6B46B2938BA6700559FBE /* Model.swift */,
				3FE6B46A2938BA6700559FBE /* ViewModel.swift */,
				3FE6B4402938B8F400559FBE /* Preview Content */,
				3FE6B4642938BA0E00559FBE /* Mac.swift */,
			);
			path = 404x;
			sourceTree = "<group>";
		};
		3FE6B4402938B8F400559FBE /* Preview Content */ = {
			isa = PBXGroup;
			children = (
				3FE6B4412938B8F400559FBE /* Preview Assets.xcassets */,
			);
			path = "Preview Content";
			sourceTree = "<group>";
		};
		3FE6B44A2938B8F400559FBE /* 404xTests */ = {
			isa = PBXGroup;
			children = (
				3FE6B44B2938B8F400559FBE /* _04xTests.swift */,
			);
			path = 404xTests;
			sourceTree = "<group>";
		};
		3FE6B4542938B8F400559FBE /* 404xUITests */ = {
			isa = PBXGroup;
			children = (
				3FE6B4552938B8F400559FBE /* _04xUITests.swift */,
				3FE6B4572938B8F400559FBE /* _04xUITestsLaunchTests.swift */,
			);
			path = 404xUITests;
			sourceTree = "<group>";
		};
/* End PBXGroup section */

/* Begin PBXNativeTarget section */
		3FE6B4352938B8F300559FBE /* 404x */ = {
			isa = PBXNativeTarget;
			buildConfigurationList = 3FE6B45B2938B8F400559FBE /* Build configuration list for PBXNativeTarget "404x" */;
			buildPhases = (
				3FE6B4322938B8F300559FBE /* Sources */,
				3FE6B4332938B8F300559FBE /* Frameworks */,
				3FE6B4342938B8F300559FBE /* Resources */,
			);
			buildRules = (
			);
			dependencies = (
			);
			name = 404x;
			productName = 404x;
			productReference = 3FE6B4362938B8F300559FBE /* 404x.app */;
			productType = "com.apple.product-type.application";
		};
		3FE6B4462938B8F400559FBE /* 404xTests */ = {
			isa = PBXNativeTarget;
			buildConfigurationList = 3FE6B45E2938B8F400559FBE /* Build configuration list for PBXNativeTarget "404xTests" */;
			buildPhases = (
				3FE6B4432938B8F400559FBE /* Sources */,
				3FE6B4442938B8F400559FBE /* Frameworks */,
				3FE6B4452938B8F400559FBE /* Resources */,
			);
			buildRules = (
			);
			dependencies = (
				3FE6B4492938B8F400559FBE /* PBXTargetDependency */,
			);
			name = 404xTests;
			productName = 404xTests;
			productReference = 3FE6B4472938B8F400559FBE /* 404xTests.xctest */;
			productType = "com.apple.product-type.bundle.unit-test";
		};
		3FE6B4502938B8F400559FBE /* 404xUITests */ = {
			isa = PBXNativeTarget;
			buildConfigurationList = 3FE6B4612938B8F400559FBE /* Build configuration list for PBXNativeTarget "404xUITests" */;
			buildPhases = (
				3FE6B44D2938B8F400559FBE /* Sources */,
				3FE6B44E2938B8F400559FBE /* Frameworks */,
				3FE6B44F2938B8F400559FBE /* Resources */,
			);
			buildRules = (
			);
			dependencies = (
				3FE6B4532938B8F400559FBE /* PBXTargetDependency */,
			);
			name = 404xUITests;
			productName = 404xUITests;
			productReference = 3FE6B4512938B8F400559FBE /* 404xUITests.xctest */;
			productType = "com.apple.product-type.bundle.ui-testing";
		};
/* End PBXNativeTarget section */

/* Begin PBXProject section */
		3FE6B42E2938B8F300559FBE /* Project object */ = {
			isa = PBXProject;
			attributes = {
				BuildIndependentTargetsInParallel = 1;
				LastSwiftUpdateCheck = 1410;
				LastUpgradeCheck = 1410;
				TargetAttributes = {
					3FE6B4352938B8F300559FBE = {
						CreatedOnToolsVersion = 14.1;
					};
					3FE6B4462938B8F400559FBE = {
						CreatedOnToolsVersion = 14.1;
						TestTargetID = 3FE6B4352938B8F300559FBE;
					};
					3FE6B4502938B8F400559FBE = {
						CreatedOnToolsVersion = 14.1;
						TestTargetID = 3FE6B4352938B8F300559FBE;
					};
				};
			};
			buildConfigurationList = 3FE6B4312938B8F300559FBE /* Build configuration list for PBXProject "404x" */;
			compatibilityVersion = "Xcode 14.0";
			developmentRegion = en;
			hasScannedForEncodings = 0;
			knownRegions = (
				en,
				Base,
			);
			mainGroup = 3FE6B42D2938B8F300559FBE;
			productRefGroup = 3FE6B4372938B8F300559FBE /* Products */;
			projectDirPath = "";
			projectRoot = "";
			targets = (
				3FE6B4352938B8F300559FBE /* 404x */,
				3FE6B4462938B8F400559FBE /* 404xTests */,
				3FE6B4502938B8F400559FBE /* 404xUITests */,
			);
		};
/* End PBXProject section */

/* Begin PBXResourcesBuildPhase section */
		3FE6B4342938B8F300559FBE /* Resources */ = {
			isa = PBXResourcesBuildPhase;
			buildActionMask = 2147483647;
			files = (
				3FE6B4422938B8F400559FBE /* Preview Assets.xcassets in Resources */,
				3FE6B43E2938B8F400559FBE /* Assets.xcassets in Resources */,
			);
			runOnlyForDeploymentPostprocessing = 0;
		};
		3FE6B4452938B8F400559FBE /* Resources */ = {
			isa = PBXResourcesBuildPhase;
			buildActionMask = 2147483647;
			files = (
			);
			runOnlyForDeploymentPostprocessing = 0;
		};
		3FE6B44F2938B8F400559FBE /* Resources */ = {
			isa = PBXResourcesBuildPhase;
			buildActionMask = 2147483647;
			files = (
			);
			runOnlyForDeploymentPostprocessing = 0;
		};
/* End PBXResourcesBuildPhase section */

/* Begin PBXSourcesBuildPhase section */
		3FE6B4322938B8F300559FBE /* Sources */ = {
			isa = PBXSourcesBuildPhase;
			buildActionMask = 2147483647;
			files = (
				3FE6B4712938BA6700559FBE /* Model.swift in Sources */,
				3FE6B43C2938B8F300559FBE /* ContentView.swift in Sources */,
				3FE6B46D2938BA6700559FBE /* ConvertImage.swift in Sources */,
				3FE6B4652938BA0E00559FBE /* Mac.swift in Sources */,
				3FE6B46E2938BA6700559FBE /* ImagePicker.swift in Sources */,
				3FE6B46C2938BA6700559FBE /* ConvertText.swift in Sources */,
				3FE6B46F2938BA6700559FBE /* Ex.swift in Sources */,
				3FE6B4702938BA6700559FBE /* ViewModel.swift in Sources */,
				3FE6B43A2938B8F300559FBE /* _04xApp.swift in Sources */,
			);
			runOnlyForDeploymentPostprocessing = 0;
		};
		3FE6B4432938B8F400559FBE /* Sources */ = {
			isa = PBXSourcesBuildPhase;
			buildActionMask = 2147483647;
			files = (
				3FE6B44C2938B8F400559FBE /* _04xTests.swift in Sources */,
			);
			runOnlyForDeploymentPostprocessing = 0;
		};
		3FE6B44D2938B8F400559FBE /* Sources */ = {
			isa = PBXSourcesBuildPhase;
			buildActionMask = 2147483647;
			files = (
				3FE6B4562938B8F400559FBE /* _04xUITests.swift in Sources */,
				3FE6B4582938B8F400559FBE /* _04xUITestsLaunchTests.swift in Sources */,
			);
			runOnlyForDeploymentPostprocessing = 0;
		};
/* End PBXSourcesBuildPhase section */

/* Begin PBXTargetDependency section */
		3FE6B4492938B8F400559FBE /* PBXTargetDependency */ = {
			isa = PBXTargetDependency;
			target = 3FE6B4352938B8F300559FBE /* 404x */;
			targetProxy = 3FE6B4482938B8F400559FBE /* PBXContainerItemProxy */;
		};
		3FE6B4532938B8F400559FBE /* PBXTargetDependency */ = {
			isa = PBXTargetDependency;
			target = 3FE6B4352938B8F300559FBE /* 404x */;
			targetProxy = 3FE6B4522938B8F400559FBE /* PBXContainerItemProxy */;
		};
/* End PBXTargetDependency section */

/* Begin XCBuildConfiguration section */
		3FE6B4592938B8F400559FBE /* Debug */ = {
			isa = XCBuildConfiguration;
			buildSettings = {
				ALWAYS_SEARCH_USER_PATHS = NO;
				CLANG_ANALYZER_NONNULL = YES;
				CLANG_ANALYZER_NUMBER_OBJECT_CONVERSION = YES_AGGRESSIVE;
				CLANG_CXX_LANGUAGE_STANDARD = "gnu++20";
				CLANG_ENABLE_MODULES = YES;
				CLANG_ENABLE_OBJC_ARC = YES;
				CLANG_ENABLE_OBJC_WEAK = YES;
				CLANG_WARN_BLOCK_CAPTURE_AUTORELEASING = YES;
				CLANG_WARN_BOOL_CONVERSION = YES;
				CLANG_WARN_COMMA = YES;
				CLANG_WARN_CONSTANT_CONVERSION = YES;
				CLANG_WARN_DEPRECATED_OBJC_IMPLEMENTATIONS = YES;
				CLANG_WARN_DIRECT_OBJC_ISA_USAGE = YES_ERROR;
				CLANG_WARN_DOCUMENTATION_COMMENTS = YES;
				CLANG_WARN_EMPTY_BODY = YES;
				CLANG_WARN_ENUM_CONVERSION = YES;
				CLANG_WARN_INFINITE_RECURSION = YES;
				CLANG_WARN_INT_CONVERSION = YES;
				CLANG_WARN_NON_LITERAL_NULL_CONVERSION = YES;
				CLANG_WARN_OBJC_IMPLICIT_RETAIN_SELF = YES;
				CLANG_WARN_OBJC_LITERAL_CONVERSION = YES;
				CLANG_WARN_OBJC_ROOT_CLASS = YES_ERROR;
				CLANG_WARN_QUOTED_INCLUDE_IN_FRAMEWORK_HEADER = YES;
				CLANG_WARN_RANGE_LOOP_ANALYSIS = YES;
				CLANG_WARN_STRICT_PROTOTYPES = YES;
				CLANG_WARN_SUSPICIOUS_MOVE = YES;
				CLANG_WARN_UNGUARDED_AVAILABILITY = YES_AGGRESSIVE;
				CLANG_WARN_UNREACHABLE_CODE = YES;
				CLANG_WARN__DUPLICATE_METHOD_MATCH = YES;
				COPY_PHASE_STRIP = NO;
				DEBUG_INFORMATION_FORMAT = dwarf;
				ENABLE_STRICT_OBJC_MSGSEND = YES;
				ENABLE_TESTABILITY = YES;
				GCC_C_LANGUAGE_STANDARD = gnu11;
				GCC_DYNAMIC_NO_PIC = NO;
				GCC_NO_COMMON_BLOCKS = YES;
				GCC_OPTIMIZATION_LEVEL = 0;
				GCC_PREPROCESSOR_DEFINITIONS = (
					"DEBUG=1",
					"$(inherited)",
				);
				GCC_WARN_64_TO_32_BIT_CONVERSION = YES;
				GCC_WARN_ABOUT_RETURN_TYPE = YES_ERROR;
				GCC_WARN_UNDECLARED_SELECTOR = YES;
				GCC_WARN_UNINITIALIZED_AUTOS = YES_AGGRESSIVE;
				GCC_WARN_UNUSED_FUNCTION = YES;
				GCC_WARN_UNUSED_VARIABLE = YES;
				MTL_ENABLE_DEBUG_INFO = INCLUDE_SOURCE;
				MTL_FAST_MATH = YES;
				ONLY_ACTIVE_ARCH = YES;
				SWIFT_ACTIVE_COMPILATION_CONDITIONS = DEBUG;
				SWIFT_OPTIMIZATION_LEVEL = "-Onone";
			};
			name = Debug;
		};
		3FE6B45A2938B8F400559FBE /* Release */ = {
			isa = XCBuildConfiguration;
			buildSettings = {
				ALWAYS_SEARCH_USER_PATHS = NO;
				CLANG_ANALYZER_NONNULL = YES;
				CLANG_ANALYZER_NUMBER_OBJECT_CONVERSION = YES_AGGRESSIVE;
				CLANG_CXX_LANGUAGE_STANDARD = "gnu++20";
				CLANG_ENABLE_MODULES = YES;
				CLANG_ENABLE_OBJC_ARC = YES;
				CLANG_ENABLE_OBJC_WEAK = YES;
				CLANG_WARN_BLOCK_CAPTURE_AUTORELEASING = YES;
				CLANG_WARN_BOOL_CONVERSION = YES;
				CLANG_WARN_COMMA = YES;
				CLANG_WARN_CONSTANT_CONVERSION = YES;
				CLANG_WARN_DEPRECATED_OBJC_IMPLEMENTATIONS = YES;
				CLANG_WARN_DIRECT_OBJC_ISA_USAGE = YES_ERROR;
				CLANG_WARN_DOCUMENTATION_COMMENTS = YES;
				CLANG_WARN_EMPTY_BODY = YES;
				CLANG_WARN_ENUM_CONVERSION = YES;
				CLANG_WARN_INFINITE_RECURSION = YES;
				CLANG_WARN_INT_CONVERSION = YES;
				CLANG_WARN_NON_LITERAL_NULL_CONVERSION = YES;
				CLANG_WARN_OBJC_IMPLICIT_RETAIN_SELF = YES;
				CLANG_WARN_OBJC_LITERAL_CONVERSION = YES;
				CLANG_WARN_OBJC_ROOT_CLASS = YES_ERROR;
				CLANG_WARN_QUOTED_INCLUDE_IN_FRAMEWORK_HEADER = YES;
				CLANG_WARN_RANGE_LOOP_ANALYSIS = YES;
				CLANG_WARN_STRICT_PROTOTYPES = YES;
				CLANG_WARN_SUSPICIOUS_MOVE = YES;
				CLANG_WARN_UNGUARDED_AVAILABILITY = YES_AGGRESSIVE;
				CLANG_WARN_UNREACHABLE_CODE = YES;
				CLANG_WARN__DUPLICATE_METHOD_MATCH = YES;
				COPY_PHASE_STRIP = NO;
				DEBUG_INFORMATION_FORMAT = "dwarf-with-dsym";
				ENABLE_NS_ASSERTIONS = NO;
				ENABLE_STRICT_OBJC_MSGSEND = YES;
				GCC_C_LANGUAGE_STANDARD = gnu11;
				GCC_NO_COMMON_BLOCKS = YES;
				GCC_WARN_64_TO_32_BIT_CONVERSION = YES;
				GCC_WARN_ABOUT_RETURN_TYPE = YES_ERROR;
				GCC_WARN_UNDECLARED_SELECTOR = YES;
				GCC_WARN_UNINITIALIZED_AUTOS = YES_AGGRESSIVE;
				GCC_WARN_UNUSED_FUNCTION = YES;
				GCC_WARN_UNUSED_VARIABLE = YES;
				MTL_ENABLE_DEBUG_INFO = NO;
				MTL_FAST_MATH = YES;
				SWIFT_COMPILATION_MODE = wholemodule;
				SWIFT_OPTIMIZATION_LEVEL = "-O";
			};
			name = Release;
		};
		3FE6B45C2938B8F400559FBE /* Debug */ = {
			isa = XCBuildConfiguration;
			buildSettings = {
				ASSETCATALOG_COMPILER_APPICON_NAME = AppIcon;
				ASSETCATALOG_COMPILER_GLOBAL_ACCENT_COLOR_NAME = AccentColor;
				CODE_SIGN_ENTITLEMENTS = 404x/_04x.entitlements;
				CODE_SIGN_STYLE = Automatic;
				CURRENT_PROJECT_VERSION = 1;
				DEVELOPMENT_ASSET_PATHS = "\"404x/Preview Content\"";
				DEVELOPMENT_TEAM = N22PJBS26Y;
				ENABLE_HARDENED_RUNTIME = YES;
				ENABLE_PREVIEWS = YES;
				GENERATE_INFOPLIST_FILE = YES;
				"INFOPLIST_KEY_UIApplicationSceneManifest_Generation[sdk=iphoneos*]" = YES;
				"INFOPLIST_KEY_UIApplicationSceneManifest_Generation[sdk=iphonesimulator*]" = YES;
				"INFOPLIST_KEY_UIApplicationSupportsIndirectInputEvents[sdk=iphoneos*]" = YES;
				"INFOPLIST_KEY_UIApplicationSupportsIndirectInputEvents[sdk=iphonesimulator*]" = YES;
				"INFOPLIST_KEY_UILaunchScreen_Generation[sdk=iphoneos*]" = YES;
				"INFOPLIST_KEY_UILaunchScreen_Generation[sdk=iphonesimulator*]" = YES;
				"INFOPLIST_KEY_UIStatusBarStyle[sdk=iphoneos*]" = UIStatusBarStyleDefault;
				"INFOPLIST_KEY_UIStatusBarStyle[sdk=iphonesimulator*]" = UIStatusBarStyleDefault;
				INFOPLIST_KEY_UISupportedInterfaceOrientations_iPad = "UIInterfaceOrientationPortrait UIInterfaceOrientationPortraitUpsideDown UIInterfaceOrientationLandscapeLeft UIInterfaceOrientationLandscapeRight";
				INFOPLIST_KEY_UISupportedInterfaceOrientations_iPhone = "UIInterfaceOrientationPortrait UIInterfaceOrientationLandscapeLeft UIInterfaceOrientationLandscapeRight";
				IPHONEOS_DEPLOYMENT_TARGET = 16.1;
				LD_RUNPATH_SEARCH_PATHS = "@executable_path/Frameworks";
				"LD_RUNPATH_SEARCH_PATHS[sdk=macosx*]" = "@executable_path/../Frameworks";
				MACOSX_DEPLOYMENT_TARGET = 13.0;
				MARKETING_VERSION = 1.0;
				PRODUCT_BUNDLE_IDENTIFIER = "dev.guyanhua.-04x";
				PRODUCT_NAME = "$(TARGET_NAME)";
				SDKROOT = auto;
				SUPPORTED_PLATFORMS = "iphoneos iphonesimulator macosx";
				SWIFT_EMIT_LOC_STRINGS = YES;
				SWIFT_VERSION = 5.0;
				TARGETED_DEVICE_FAMILY = "1,2";
			};
			name = Debug;
		};
		3FE6B45D2938B8F400559FBE /* Release */ = {
			isa = XCBuildConfiguration;
			buildSettings = {
				ASSETCATALOG_COMPILER_APPICON_NAME = AppIcon;
				ASSETCATALOG_COMPILER_GLOBAL_ACCENT_COLOR_NAME = AccentColor;
				CODE_SIGN_ENTITLEMENTS = 404x/_04x.entitlements;
				CODE_SIGN_STYLE = Automatic;
				CURRENT_PROJECT_VERSION = 1;
				DEVELOPMENT_ASSET_PATHS = "\"404x/Preview Content\"";
				DEVELOPMENT_TEAM = N22PJBS26Y;
				ENABLE_HARDENED_RUNTIME = YES;
				ENABLE_PREVIEWS = YES;
				GENERATE_INFOPLIST_FILE = YES;
				"INFOPLIST_KEY_UIApplicationSceneManifest_Generation[sdk=iphoneos*]" = YES;
				"INFOPLIST_KEY_UIApplicationSceneManifest_Generation[sdk=iphonesimulator*]" = YES;
				"INFOPLIST_KEY_UIApplicationSupportsIndirectInputEvents[sdk=iphoneos*]" = YES;
				"INFOPLIST_KEY_UIApplicationSupportsIndirectInputEvents[sdk=iphonesimulator*]" = YES;
				"INFOPLIST_KEY_UILaunchScreen_Generation[sdk=iphoneos*]" = YES;
				"INFOPLIST_KEY_UILaunchScreen_Generation[sdk=iphonesimulator*]" = YES;
				"INFOPLIST_KEY_UIStatusBarStyle[sdk=iphoneos*]" = UIStatusBarStyleDefault;
				"INFOPLIST_KEY_UIStatusBarStyle[sdk=iphonesimulator*]" = UIStatusBarStyleDefault;
				INFOPLIST_KEY_UISupportedInterfaceOrientations_iPad = "UIInterfaceOrientationPortrait UIInterfaceOrientationPortraitUpsideDown UIInterfaceOrientationLandscapeLeft UIInterfaceOrientationLandscapeRight";
				INFOPLIST_KEY_UISupportedInterfaceOrientations_iPhone = "UIInterfaceOrientationPortrait UIInterfaceOrientationLandscapeLeft UIInterfaceOrientationLandscapeRight";
				IPHONEOS_DEPLOYMENT_TARGET = 16.1;
				LD_RUNPATH_SEARCH_PATHS = "@executable_path/Frameworks";
				"LD_RUNPATH_SEARCH_PATHS[sdk=macosx*]" = "@executable_path/../Frameworks";
				MACOSX_DEPLOYMENT_TARGET = 13.0;
				MARKETING_VERSION = 1.0;
				PRODUCT_BUNDLE_IDENTIFIER = "dev.guyanhua.-04x";
				PRODUCT_NAME = "$(TARGET_NAME)";
				SDKROOT = auto;
				SUPPORTED_PLATFORMS = "iphoneos iphonesimulator macosx";
				SWIFT_EMIT_LOC_STRINGS = YES;
				SWIFT_VERSION = 5.0;
				TARGETED_DEVICE_FAMILY = "1,2";
			};
			name = Release;
		};
		3FE6B45F2938B8F400559FBE /* Debug */ = {
			isa = XCBuildConfiguration;
			buildSettings = {
				ALWAYS_EMBED_SWIFT_STANDARD_LIBRARIES = YES;
				BUNDLE_LOADER = "$(TEST_HOST)";
				CODE_SIGN_STYLE = Automatic;
				CURRENT_PROJECT_VERSION = 1;
				DEVELOPMENT_TEAM = N22PJBS26Y;
				GENERATE_INFOPLIST_FILE = YES;
				IPHONEOS_DEPLOYMENT_TARGET = 16.1;
				MACOSX_DEPLOYMENT_TARGET = 13.0;
				MARKETING_VERSION = 1.0;
				PRODUCT_BUNDLE_IDENTIFIER = "dev.guyanhua.-04xTests";
				PRODUCT_NAME = "$(TARGET_NAME)";
				SDKROOT = auto;
				SUPPORTED_PLATFORMS = "iphoneos iphonesimulator macosx";
				SWIFT_EMIT_LOC_STRINGS = NO;
				SWIFT_VERSION = 5.0;
				TARGETED_DEVICE_FAMILY = "1,2";
				TEST_HOST = "$(BUILT_PRODUCTS_DIR)/404x.app/$(BUNDLE_EXECUTABLE_FOLDER_PATH)/404x";
			};
			name = Debug;
		};
		3FE6B4602938B8F400559FBE /* Release */ = {
			isa = XCBuildConfiguration;
			buildSettings = {
				ALWAYS_EMBED_SWIFT_STANDARD_LIBRARIES = YES;
				BUNDLE_LOADER = "$(TEST_HOST)";
				CODE_SIGN_STYLE = Automatic;
				CURRENT_PROJECT_VERSION = 1;
				DEVELOPMENT_TEAM = N22PJBS26Y;
				GENERATE_INFOPLIST_FILE = YES;
				IPHONEOS_DEPLOYMENT_TARGET = 16.1;
				MACOSX_DEPLOYMENT_TARGET = 13.0;
				MARKETING_VERSION = 1.0;
				PRODUCT_BUNDLE_IDENTIFIER = "dev.guyanhua.-04xTests";
				PRODUCT_NAME = "$(TARGET_NAME)";
				SDKROOT = auto;
				SUPPORTED_PLATFORMS = "iphoneos iphonesimulator macosx";
				SWIFT_EMIT_LOC_STRINGS = NO;
				SWIFT_VERSION = 5.0;
				TARGETED_DEVICE_FAMILY = "1,2";
				TEST_HOST = "$(BUILT_PRODUCTS_DIR)/404x.app/$(BUNDLE_EXECUTABLE_FOLDER_PATH)/404x";
			};
			name = Release;
		};
		3FE6B4622938B8F400559FBE /* Debug */ = {
			isa = XCBuildConfiguration;
			buildSettings = {
				ALWAYS_EMBED_SWIFT_STANDARD_LIBRARIES = YES;
				CODE_SIGN_STYLE = Automatic;
				CURRENT_PROJECT_VERSION = 1;
				DEVELOPMENT_TEAM = N22PJBS26Y;
				GENERATE_INFOPLIST_FILE = YES;
				IPHONEOS_DEPLOYMENT_TARGET = 16.1;
				MACOSX_DEPLOYMENT_TARGET = 13.0;
				MARKETING_VERSION = 1.0;
				PRODUCT_BUNDLE_IDENTIFIER = "dev.guyanhua.-04xUITests";
				PRODUCT_NAME = "$(TARGET_NAME)";
				SDKROOT = auto;
				SUPPORTED_PLATFORMS = "iphoneos iphonesimulator macosx";
				SWIFT_EMIT_LOC_STRINGS = NO;
				SWIFT_VERSION = 5.0;
				TARGETED_DEVICE_FAMILY = "1,2";
				TEST_TARGET_NAME = 404x;
			};
			name = Debug;
		};
		3FE6B4632938B8F400559FBE /* Release */ = {
			isa = XCBuildConfiguration;
			buildSettings = {
				ALWAYS_EMBED_SWIFT_STANDARD_LIBRARIES = YES;
				CODE_SIGN_STYLE = Automatic;
				CURRENT_PROJECT_VERSION = 1;
				DEVELOPMENT_TEAM = N22PJBS26Y;
				GENERATE_INFOPLIST_FILE = YES;
				IPHONEOS_DEPLOYMENT_TARGET = 16.1;
				MACOSX_DEPLOYMENT_TARGET = 13.0;
				MARKETING_VERSION = 1.0;
				PRODUCT_BUNDLE_IDENTIFIER = "dev.guyanhua.-04xUITests";
				PRODUCT_NAME = "$(TARGET_NAME)";
				SDKROOT = auto;
				SUPPORTED_PLATFORMS = "iphoneos iphonesimulator macosx";
				SWIFT_EMIT_LOC_STRINGS = NO;
				SWIFT_VERSION = 5.0;
				TARGETED_DEVICE_FAMILY = "1,2";
				TEST_TARGET_NAME = 404x;
			};
			name = Release;
		};
/* End XCBuildConfiguration section */

/* Begin XCConfigurationList section */
		3FE6B4312938B8F300559FBE /* Build configuration list for PBXProject "404x" */ = {
			isa = XCConfigurationList;
			buildConfigurations = (
				3FE6B4592938B8F400559FBE /* Debug */,
				3FE6B45A2938B8F400559FBE /* Release */,
			);
			defaultConfigurationIsVisible = 0;
			defaultConfigurationName = Release;
		};
		3FE6B45B2938B8F400559FBE /* Build configuration list for PBXNativeTarget "404x" */ = {
			isa = XCConfigurationList;
			buildConfigurations = (
				3FE6B45C2938B8F400559FBE /* Debug */,
				3FE6B45D2938B8F400559FBE /* Release */,
			);
			defaultConfigurationIsVisible = 0;
			defaultConfigurationName = Release;
		};
		3FE6B45E2938B8F400559FBE /* Build configuration list for PBXNativeTarget "404xTests" */ = {
			isa = XCConfigurationList;
			buildConfigurations = (
				3FE6B45F2938B8F400559FBE /* Debug */,
				3FE6B4602938B8F400559FBE /* Release */,
			);
			defaultConfigurationIsVisible = 0;
			defaultConfigurationName = Release;
		};
		3FE6B4612938B8F400559FBE /* Build configuration list for PBXNativeTarget "404xUITests" */ = {
			isa = XCConfigurationList;
			buildConfigurations = (
				3FE6B4622938B8F400559FBE /* Debug */,
				3FE6B4632938B8F400559FBE /* Release */,
			);
			defaultConfigurationIsVisible = 0;
			defaultConfigurationName = Release;
		};
/* End XCConfigurationList section */
	};
	rootObject = 3FE6B42E2938B8F300559FBE /* Project object */;
}
